// !$*UTF8*$!
{
	archiveVersion = 1;
	classes = {
	};
	objectVersion = 46;
	objects = {

/* Begin PBXBuildFile section */
		B225DEF31B618BB300435D35 /* AppDelegate.swift in Sources */ = {isa = PBXBuildFile; fileRef = B225DEF21B618BB300435D35 /* AppDelegate.swift */; };
		B225DEF51B618BB300435D35 /* ViewController.swift in Sources */ = {isa = PBXBuildFile; fileRef = B225DEF41B618BB300435D35 /* ViewController.swift */; };
		B225DEF81B618BB300435D35 /* Main.storyboard in Resources */ = {isa = PBXBuildFile; fileRef = B225DEF61B618BB300435D35 /* Main.storyboard */; };
		B225DEFA1B618BB300435D35 /* Images.xcassets in Resources */ = {isa = PBXBuildFile; fileRef = B225DEF91B618BB300435D35 /* Images.xcassets */; };
		B225DEFD1B618BB300435D35 /* LaunchScreen.xib in Resources */ = {isa = PBXBuildFile; fileRef = B225DEFB1B618BB300435D35 /* LaunchScreen.xib */; };
		B225DF191B6193C700435D35 /* BrandTests.swift in Sources */ = {isa = PBXBuildFile; fileRef = B225DF181B6193C700435D35 /* BrandTests.swift */; };
		B225DF1B1B61946900435D35 /* FipeBrand.swift in Sources */ = {isa = PBXBuildFile; fileRef = B225DF1A1B61946900435D35 /* FipeBrand.swift */; };
		B225DF1C1B61946900435D35 /* FipeBrand.swift in Sources */ = {isa = PBXBuildFile; fileRef = B225DF1A1B61946900435D35 /* FipeBrand.swift */; };
/* End PBXBuildFile section */

/* Begin PBXContainerItemProxy section */
		B225DF031B618BB300435D35 /* PBXContainerItemProxy */ = {
			isa = PBXContainerItemProxy;
			containerPortal = B225DEE51B618BB300435D35 /* Project object */;
			proxyType = 1;
			remoteGlobalIDString = B225DEEC1B618BB300435D35;
			remoteInfo = CarPrices;
		};
/* End PBXContainerItemProxy section */

/* Begin PBXFileReference section */
		B225DEED1B618BB300435D35 /* CarPrices.app */ = {isa = PBXFileReference; explicitFileType = wrapper.application; includeInIndex = 0; path = CarPrices.app; sourceTree = BUILT_PRODUCTS_DIR; };
		B225DEF11B618BB300435D35 /* Info.plist */ = {isa = PBXFileReference; lastKnownFileType = text.plist.xml; path = Info.plist; sourceTree = "<group>"; };
		B225DEF21B618BB300435D35 /* AppDelegate.swift */ = {isa = PBXFileReference; lastKnownFileType = sourcecode.swift; path = AppDelegate.swift; sourceTree = "<group>"; };
		B225DEF41B618BB300435D35 /* ViewController.swift */ = {isa = PBXFileReference; lastKnownFileType = sourcecode.swift; path = ViewController.swift; sourceTree = "<group>"; };
		B225DEF71B618BB300435D35 /* Base */ = {isa = PBXFileReference; lastKnownFileType = file.storyboard; name = Base; path = Base.lproj/Main.storyboard; sourceTree = "<group>"; };
		B225DEF91B618BB300435D35 /* Images.xcassets */ = {isa = PBXFileReference; lastKnownFileType = folder.assetcatalog; path = Images.xcassets; sourceTree = "<group>"; };
		B225DEFC1B618BB300435D35 /* Base */ = {isa = PBXFileReference; lastKnownFileType = file.xib; name = Base; path = Base.lproj/LaunchScreen.xib; sourceTree = "<group>"; };
		B225DF021B618BB300435D35 /* CarPricesTests.xctest */ = {isa = PBXFileReference; explicitFileType = wrapper.cfbundle; includeInIndex = 0; path = CarPricesTests.xctest; sourceTree = BUILT_PRODUCTS_DIR; };
		B225DF071B618BB300435D35 /* Info.plist */ = {isa = PBXFileReference; lastKnownFileType = text.plist.xml; path = Info.plist; sourceTree = "<group>"; };
		B225DF181B6193C700435D35 /* BrandTests.swift */ = {isa = PBXFileReference; fileEncoding = 4; lastKnownFileType = sourcecode.swift; path = BrandTests.swift; sourceTree = "<group>"; };
		B225DF1A1B61946900435D35 /* FipeBrand.swift */ = {isa = PBXFileReference; fileEncoding = 4; lastKnownFileType = sourcecode.swift; path = FipeBrand.swift; sourceTree = "<group>"; };
/* End PBXFileReference section */

/* Begin PBXFrameworksBuildPhase section */
		B225DEEA1B618BB300435D35 /* Frameworks */ = {
			isa = PBXFrameworksBuildPhase;
			buildActionMask = 2147483647;
			files = (
			);
			runOnlyForDeploymentPostprocessing = 0;
		};
		B225DEFF1B618BB300435D35 /* Frameworks */ = {
			isa = PBXFrameworksBuildPhase;
			buildActionMask = 2147483647;
			files = (
			);
			runOnlyForDeploymentPostprocessing = 0;
		};
/* End PBXFrameworksBuildPhase section */

/* Begin PBXGroup section */
		B225DEE41B618BB300435D35 = {
			isa = PBXGroup;
			children = (
				B225DEEF1B618BB300435D35 /* CarPrices */,
				B225DF051B618BB300435D35 /* CarPricesTests */,
				B225DEEE1B618BB300435D35 /* Products */,
			);
			sourceTree = "<group>";
		};
		B225DEEE1B618BB300435D35 /* Products */ = {
			isa = PBXGroup;
			children = (
				B225DEED1B618BB300435D35 /* CarPrices.app */,
				B225DF021B618BB300435D35 /* CarPricesTests.xctest */,
			);
			name = Products;
			sourceTree = "<group>";
		};
		B225DEEF1B618BB300435D35 /* CarPrices */ = {
			isa = PBXGroup;
			children = (
				B225DEF21B618BB300435D35 /* AppDelegate.swift */,
				B225DEF41B618BB300435D35 /* ViewController.swift */,
				B225DEF61B618BB300435D35 /* Main.storyboard */,
				B225DEF91B618BB300435D35 /* Images.xcassets */,
				B225DEFB1B618BB300435D35 /* LaunchScreen.xib */,
				B225DEF01B618BB300435D35 /* Supporting Files */,
				B225DF1A1B61946900435D35 /* FipeBrand.swift */,
			);
			path = CarPrices;
			sourceTree = "<group>";
		};
		B225DEF01B618BB300435D35 /* Supporting Files */ = {
			isa = PBXGroup;
			children = (
				B225DEF11B618BB300435D35 /* Info.plist */,
			);
			name = "Supporting Files";
			sourceTree = "<group>";
		};
		B225DF051B618BB300435D35 /* CarPricesTests */ = {
			isa = PBXGroup;
			children = (
				B225DF061B618BB300435D35 /* Supporting Files */,
				B225DF181B6193C700435D35 /* BrandTests.swift */,
			);
			path = CarPricesTests;
			sourceTree = "<group>";
		};
		B225DF061B618BB300435D35 /* Supporting Files */ = {
			isa = PBXGroup;
			children = (
				B225DF071B618BB300435D35 /* Info.plist */,
			);
			name = "Supporting Files";
			sourceTree = "<group>";
		};
/* End PBXGroup section */

/* Begin PBXNativeTarget section */
		B225DEEC1B618BB300435D35 /* CarPrices */ = {
			isa = PBXNativeTarget;
			buildConfigurationList = B225DF0C1B618BB300435D35 /* Build configuration list for PBXNativeTarget "CarPrices" */;
			buildPhases = (
				B225DEE91B618BB300435D35 /* Sources */,
				B225DEEA1B618BB300435D35 /* Frameworks */,
				B225DEEB1B618BB300435D35 /* Resources */,
			);
			buildRules = (
			);
			dependencies = (
			);
			name = CarPrices;
			productName = CarPrices;
			productReference = B225DEED1B618BB300435D35 /* CarPrices.app */;
			productType = "com.apple.product-type.application";
		};
		B225DF011B618BB300435D35 /* CarPricesTests */ = {
			isa = PBXNativeTarget;
			buildConfigurationList = B225DF0F1B618BB300435D35 /* Build configuration list for PBXNativeTarget "CarPricesTests" */;
			buildPhases = (
				B225DEFE1B618BB300435D35 /* Sources */,
				B225DEFF1B618BB300435D35 /* Frameworks */,
				B225DF001B618BB300435D35 /* Resources */,
			);
			buildRules = (
			);
			dependencies = (
				B225DF041B618BB300435D35 /* PBXTargetDependency */,
			);
			name = CarPricesTests;
			productName = CarPricesTests;
			productReference = B225DF021B618BB300435D35 /* CarPricesTests.xctest */;
			productType = "com.apple.product-type.bundle.unit-test";
		};
/* End PBXNativeTarget section */

/* Begin PBXProject section */
		B225DEE51B618BB300435D35 /* Project object */ = {
			isa = PBXProject;
			attributes = {
				LastUpgradeCheck = 0640;
				ORGANIZATIONNAME = "Michel Bueno";
				TargetAttributes = {
					B225DEEC1B618BB300435D35 = {
						CreatedOnToolsVersion = 6.4;
					};
					B225DF011B618BB300435D35 = {
						CreatedOnToolsVersion = 6.4;
						TestTargetID = B225DEEC1B618BB300435D35;
					};
				};
			};
			buildConfigurationList = B225DEE81B618BB300435D35 /* Build configuration list for PBXProject "CarPrices" */;
			compatibilityVersion = "Xcode 3.2";
			developmentRegion = English;
			hasScannedForEncodings = 0;
			knownRegions = (
				en,
				Base,
			);
			mainGroup = B225DEE41B618BB300435D35;
			productRefGroup = B225DEEE1B618BB300435D35 /* Products */;
			projectDirPath = "";
			projectRoot = "";
			targets = (
				B225DEEC1B618BB300435D35 /* CarPrices */,
				B225DF011B618BB300435D35 /* CarPricesTests */,
			);
		};
/* End PBXProject section */

/* Begin PBXResourcesBuildPhase section */
		B225DEEB1B618BB300435D35 /* Resources */ = {
			isa = PBXResourcesBuildPhase;
			buildActionMask = 2147483647;
			files = (
				B225DEF81B618BB300435D35 /* Main.storyboard in Resources */,
				B225DEFD1B618BB300435D35 /* LaunchScreen.xib in Resources */,
				B225DEFA1B618BB300435D35 /* Images.xcassets in Resources */,
			);
			runOnlyForDeploymentPostprocessing = 0;
		};
		B225DF001B618BB300435D35 /* Resources */ = {
			isa = PBXResourcesBuildPhase;
			buildActionMask = 2147483647;
			files = (
			);
			runOnlyForDeploymentPostprocessing = 0;
		};
/* End PBXResourcesBuildPhase section */

/* Begin PBXSourcesBuildPhase section */
		B225DEE91B618BB300435D35 /* Sources */ = {
			isa = PBXSourcesBuildPhase;
			buildActionMask = 2147483647;
			files = (
				B225DEF51B618BB300435D35 /* ViewController.swift in Sources */,
				B225DF1B1B61946900435D35 /* FipeBrand.swift in Sources */,
				B225DEF31B618BB300435D35 /* AppDelegate.swift in Sources */,
			);
			runOnlyForDeploymentPostprocessing = 0;
		};
		B225DEFE1B618BB300435D35 /* Sources */ = {
			isa = PBXSourcesBuildPhase;
			buildActionMask = 2147483647;
			files = (
				B225DF191B6193C700435D35 /* BrandTests.swift in Sources */,
				B225DF1C1B61946900435D35 /* FipeBrand.swift in Sources */,
			);
			runOnlyForDeploymentPostprocessing = 0;
		};
/* End PBXSourcesBuildPhase section */

/* Begin PBXTargetDependency section */
		B225DF041B618BB300435D35 /* PBXTargetDependency */ = {
			isa = PBXTargetDependency;
			target = B225DEEC1B618BB300435D35 /* CarPrices */;
			targetProxy = B225DF031B618BB300435D35 /* PBXContainerItemProxy */;
		};
/* End PBXTargetDependency section */

/* Begin PBXVariantGroup section */
		B225DEF61B618BB300435D35 /* Main.storyboard */ = {
			isa = PBXVariantGroup;
			children = (
				B225DEF71B618BB300435D35 /* Base */,
			);
			name = Main.storyboard;
			sourceTree = "<group>";
		};
		B225DEFB1B618BB300435D35 /* LaunchScreen.xib */ = {
			isa = PBXVariantGroup;
			children = (
				B225DEFC1B618BB300435D35 /* Base */,
			);
			name = LaunchScreen.xib;
			sourceTree = "<group>";
		};
/* End PBXVariantGroup section */

/* Begin XCBuildConfiguration section */
		B225DF0A1B618BB300435D35 /* Debug */ = {
			isa = XCBuildConfiguration;
			buildSettings = {
				ALWAYS_SEARCH_USER_PATHS = NO;
				CLANG_CXX_LANGUAGE_STANDARD = "gnu++0x";
				CLANG_CXX_LIBRARY = "libc++";
				CLANG_ENABLE_MODULES = YES;
				CLANG_ENABLE_OBJC_ARC = YES;
				CLANG_WARN_BOOL_CONVERSION = YES;
				CLANG_WARN_CONSTANT_CONVERSION = YES;
				CLANG_WARN_DIRECT_OBJC_ISA_USAGE = YES_ERROR;
				CLANG_WARN_EMPTY_BODY = YES;
				CLANG_WARN_ENUM_CONVERSION = YES;
				CLANG_WARN_INT_CONVERSION = YES;
				CLANG_WARN_OBJC_ROOT_CLASS = YES_ERROR;
				CLANG_WARN_UNREACHABLE_CODE = YES;
				CLANG_WARN__DUPLICATE_METHOD_MATCH = YES;
				"CODE_SIGN_IDENTITY[sdk=iphoneos*]" = "iPhone Developer";
				COPY_PHASE_STRIP = NO;
				DEBUG_INFORMATION_FORMAT = "dwarf-with-dsym";
				ENABLE_STRICT_OBJC_MSGSEND = YES;
				GCC_C_LANGUAGE_STANDARD = gnu99;
				GCC_DYNAMIC_NO_PIC = NO;
				GCC_NO_COMMON_BLOCKS = YES;
				GCC_OPTIMIZATION_LEVEL = 0;
				GCC_PREPROCESSOR_DEFINITIONS = (
					"DEBUG=1",
					"$(inherited)",
				);
				GCC_SYMBOLS_PRIVATE_EXTERN = NO;
				GCC_WARN_64_TO_32_BIT_CONVERSION = YES;
				GCC_WARN_ABOUT_RETURN_TYPE = YES_ERROR;
				GCC_WARN_UNDECLARED_SELECTOR = YES;
				GCC_WARN_UNINITIALIZED_AUTOS = YES_AGGRESSIVE;
				GCC_WARN_UNUSED_FUNCTION = YES;
				GCC_WARN_UNUSED_VARIABLE = YES;
				IPHONEOS_DEPLOYMENT_TARGET = 8.4;
				MTL_ENABLE_DEBUG_INFO = YES;
				ONLY_ACTIVE_ARCH = YES;
				SDKROOT = iphoneos;
				SWIFT_OPTIMIZATION_LEVEL = "-Onone";
			};
			name = Debug;
		};
		B225DF0B1B618BB300435D35 /* Release */ = {
			isa = XCBuildConfiguration;
			buildSettings = {
				ALWAYS_SEARCH_USER_PATHS = NO;
				CLANG_CXX_LANGUAGE_STANDARD = "gnu++0x";
				CLANG_CXX_LIBRARY = "libc++";
				CLANG_ENABLE_MODULES = YES;
				CLANG_ENABLE_OBJC_ARC = YES;
				CLANG_WARN_BOOL_CONVERSION = YES;
				CLANG_WARN_CONSTANT_CONVERSION = YES;
				CLANG_WARN_DIRECT_OBJC_ISA_USAGE = YES_ERROR;
				CLANG_WARN_EMPTY_BODY = YES;
				CLANG_WARN_ENUM_CONVERSION = YES;
				CLANG_WARN_INT_CONVERSION = YES;
				CLANG_WARN_OBJC_ROOT_CLASS = YES_ERROR;
				CLANG_WARN_UNREACHABLE_CODE = YES;
				CLANG_WARN__DUPLICATE_METHOD_MATCH = YES;
				"CODE_SIGN_IDENTITY[sdk=iphoneos*]" = "iPhone Developer";
				COPY_PHASE_STRIP = NO;
				DEBUG_INFORMATION_FORMAT = "dwarf-with-dsym";
				ENABLE_NS_ASSERTIONS = NO;
				ENABLE_STRICT_OBJC_MSGSEND = YES;
				GCC_C_LANGUAGE_STANDARD = gnu99;
				GCC_NO_COMMON_BLOCKS = YES;
				GCC_WARN_64_TO_32_BIT_CONVERSION = YES;
				GCC_WARN_ABOUT_RETURN_TYPE = YES_ERROR;
				GCC_WARN_UNDECLARED_SELECTOR = YES;
				GCC_WARN_UNINITIALIZED_AUTOS = YES_AGGRESSIVE;
				GCC_WARN_UNUSED_FUNCTION = YES;
				GCC_WARN_UNUSED_VARIABLE = YES;
				IPHONEOS_DEPLOYMENT_TARGET = 8.4;
				MTL_ENABLE_DEBUG_INFO = NO;
				SDKROOT = iphoneos;
				VALIDATE_PRODUCT = YES;
			};
			name = Release;
		};
		B225DF0D1B618BB300435D35 /* Debug */ = {
			isa = XCBuildConfiguration;
			buildSettings = {
				ASSETCATALOG_COMPILER_APPICON_NAME = AppIcon;
				INFOPLIST_FILE = CarPrices/Info.plist;
				LD_RUNPATH_SEARCH_PATHS = "$(inherited) @executable_path/Frameworks";
				PRODUCT_NAME = "$(TARGET_NAME)";
			};
			name = Debug;
		};
		B225DF0E1B618BB300435D35 /* Release */ = {
			isa = XCBuildConfiguration;
			buildSettings = {
				ASSETCATALOG_COMPILER_APPICON_NAME = AppIcon;
				INFOPLIST_FILE = CarPrices/Info.plist;
				LD_RUNPATH_SEARCH_PATHS = "$(inherited) @executable_path/Frameworks";
				PRODUCT_NAME = "$(TARGET_NAME)";
			};
			name = Release;
		};
		B225DF101B618BB300435D35 /* Debug */ = {
			isa = XCBuildConfiguration;
			buildSettings = {
				BUNDLE_LOADER = "$(TEST_HOST)";
				FRAMEWORK_SEARCH_PATHS = (
					"$(SDKROOT)/Developer/Library/Frameworks",
					"$(inherited)",
				);
				GCC_PREPROCESSOR_DEFINITIONS = (
					"DEBUG=1",
					"$(inherited)",
				);
				INFOPLIST_FILE = CarPricesTests/Info.plist;
				LD_RUNPATH_SEARCH_PATHS = "$(inherited) @executable_path/Frameworks @loader_path/Frameworks";
				PRODUCT_NAME = "$(TARGET_NAME)";
				TEST_HOST = "$(BUILT_PRODUCTS_DIR)/CarPrices.app/CarPrices";
			};
			name = Debug;
		};
		B225DF111B618BB300435D35 /* Release */ = {
			isa = XCBuildConfiguration;
			buildSettings = {
				BUNDLE_LOADER = "$(TEST_HOST)";
				FRAMEWORK_SEARCH_PATHS = (
					"$(SDKROOT)/Developer/Library/Frameworks",
					"$(inherited)",
				);
				INFOPLIST_FILE = CarPricesTests/Info.plist;
				LD_RUNPATH_SEARCH_PATHS = "$(inherited) @executable_path/Frameworks @loader_path/Frameworks";
				PRODUCT_NAME = "$(TARGET_NAME)";
				TEST_HOST = "$(BUILT_PRODUCTS_DIR)/CarPrices.app/CarPrices";
			};
			name = Release;
		};
/* End XCBuildConfiguration section */

/* Begin XCConfigurationList section */
		B225DEE81B618BB300435D35 /* Build configuration list for PBXProject "CarPrices" */ = {
			isa = XCConfigurationList;
			buildConfigurations = (
				B225DF0A1B618BB300435D35 /* Debug */,
				B225DF0B1B618BB300435D35 /* Release */,
			);
			defaultConfigurationIsVisible = 0;
			defaultConfigurationName = Release;
		};
		B225DF0C1B618BB300435D35 /* Build configuration list for PBXNativeTarget "CarPrices" */ = {
			isa = XCConfigurationList;
			buildConfigurations = (
				B225DF0D1B618BB300435D35 /* Debug */,
				B225DF0E1B618BB300435D35 /* Release */,
			);
			defaultConfigurationIsVisible = 0;
		};
		B225DF0F1B618BB300435D35 /* Build configuration list for PBXNativeTarget "CarPricesTests" */ = {
			isa = XCConfigurationList;
			buildConfigurations = (
				B225DF101B618BB300435D35 /* Debug */,
				B225DF111B618BB300435D35 /* Release */,
			);
			defaultConfigurationIsVisible = 0;
		};
/* End XCConfigurationList section */
	};
	rootObject = B225DEE51B618BB300435D35 /* Project object */;
}
